# This file was autogenerated by Stack.
# You should not edit this file by hand.
# For more information, please see the documentation at:
#   https://docs.haskellstack.org/en/stable/lock_files

packages:
- completed:
    hackage: total-1.0.6@sha256:2b453e5b321d24c304bdfb1889f6ba058ffe55fc589311c51f33dada79e5832b,999
    pantry-tree:
      size: 281
      sha256: 5181216fab13b1204973ab9b2f45b80953f25cadb8c5fa6f97abfa03ab81f6b2
  original:
    hackage: total-1.0.6
snapshots:
- completed:
    size: 618884
    url: https://raw.githubusercontent.com/commercialhaskell/stackage-snapshots/master/lts/19/7.yaml
    sha256: 57d4ce67cc097fea2058446927987bc1f7408890e3a6df0da74e5e318f051c20
  original:
    url: https://raw.githubusercontent.com/commercialhaskell/stackage-snapshots/master/lts/19/7.yaml
